
Microsoft Visual Studio Solution File, Format Version 12.00
# Visual Studio Version 17
VisualStudioVersion = 17.2.32630.192
MinimumVisualStudioVersion = 15.0.26124.0
Project("{FAE04EC0-301F-11D3-BF4B-00C04F79EFBC}") = "StockTicker", "StockTicker\StockTicker.csproj", "{32B23DBE-45F1-4063-92F2-782BAD27E753}"
EndProject
Project("{FAE04EC0-301F-11D3-BF4B-00C04F79EFBC}") = "WCFHost", "WCFHost\WCFHost.csproj", "{4821050A-2B0A-4BD8-B9B9-C7E118245252}"
EndProject
Global
	GlobalSection(SolutionConfigurationPlatforms) = preSolution
		Debug|Any CPU = Debug|Any CPU
		Debug|x64 = Debug|x64
		Debug|x86 = Debug|x86
		Release|Any CPU = Release|Any CPU
		Release|x64 = Release|x64
		Release|x86 = Release|x86
	EndGlobalSection
	GlobalSection(ProjectConfigurationPlatforms) = postSolution
		{32B23DBE-45F1-4063-92F2-782BAD27E753}.Debug|Any CPU.ActiveCfg = Release|Any CPU
		{32B23DBE-45F1-4063-92F2-782BAD27E753}.Debug|Any CPU.Build.0 = Release|Any CPU
		{32B23DBE-45F1-4063-92F2-782BAD27E753}.Debug|x64.ActiveCfg = Debug|Any CPU
		{32B23DBE-45F1-4063-92F2-782BAD27E753}.Debug|x64.Build.0 = Debug|Any CPU
		{32B23DBE-45F1-4063-92F2-782BAD27E753}.Debug|x86.ActiveCfg = Debug|Any CPU
		{32B23DBE-45F1-4063-92F2-782BAD27E753}.Debug|x86.Build.0 = Debug|Any CPU
		{32B23DBE-45F1-4063-92F2-782BAD27E753}.Release|Any CPU.ActiveCfg = Release|Any CPU
		{32B23DBE-45F1-4063-92F2-782BAD27E753}.Release|Any CPU.Build.0 = Release|Any CPU
		{32B23DBE-45F1-4063-92F2-782BAD27E753}.Release|x64.ActiveCfg = Release|Any CPU
		{32B23DBE-45F1-4063-92F2-782BAD27E753}.Release|x64.Build.0 = Release|Any CPU
		{32B23DBE-45F1-4063-92F2-782BAD27E753}.Release|x86.ActiveCfg = Release|Any CPU
		{32B23DBE-45F1-4063-92F2-782BAD27E753}.Release|x86.Build.0 = Release|Any CPU
		{4821050A-2B0A-4BD8-B9B9-C7E118245252}.Debug|Any CPU.ActiveCfg = Release|Any CPU
		{4821050A-2B0A-4BD8-B9B9-C7E118245252}.Debug|Any CPU.Build.0 = Release|Any CPU
		{4821050A-2B0A-4BD8-B9B9-C7E118245252}.Debug|x64.ActiveCfg = Debug|Any CPU
		{4821050A-2B0A-4BD8-B9B9-C7E118245252}.Debug|x64.Build.0 = Debug|Any CPU
		{4821050A-2B0A-4BD8-B9B9-C7E118245252}.Debug|x86.ActiveCfg = Debug|Any CPU
		{4821050A-2B0A-4BD8-B9B9-C7E118245252}.Debug|x86.Build.0 = Debug|Any CPU
		{4821050A-2B0A-4BD8-B9B9-C7E118245252}.Release|Any CPU.ActiveCfg = Release|Any CPU
		{4821050A-2B0A-4BD8-B9B9-C7E118245252}.Release|Any CPU.Build.0 = Release|Any CPU
		{4821050A-2B0A-4BD8-B9B9-C7E118245252}.Release|x64.ActiveCfg = Release|Any CPU
		{4821050A-2B0A-4BD8-B9B9-C7E118245252}.Release|x64.Build.0 = Release|Any CPU
		{4821050A-2B0A-4BD8-B9B9-C7E118245252}.Release|x86.ActiveCfg = Release|Any CPU
		{4821050A-2B0A-4BD8-B9B9-C7E118245252}.Release|x86.Build.0 = Release|Any CPU
	EndGlobalSection
	GlobalSection(SolutionProperties) = preSolution
		HideSolutionNode = FALSE
	EndGlobalSection
	GlobalSection(ExtensibilityGlobals) = postSolution
		SolutionGuid = {3B3C48BC-04FA-4179-94BF-87E61CF288CC}
	EndGlobalSection
EndGlobal
